schema: '2.0'
stages:
  ingest:
    cmd: python -m pipelines.ingest_manifest_flow --manifest 
      data/raw_manifest.csv --config configs/default.yaml --max-frames 200 
      --registry-path artifacts/dvc_pipeline/runs_registry.parquet 
      --processed-dir artifacts/dvc_pipeline/manifest_runs --summary-path 
      artifacts/dvc_pipeline/manifest_ingestion_summary.json
    deps:
    - path: configs/default.yaml
      hash: md5
      md5: f2f7384ab80840a72d4758f50c092d45
      size: 517
    - path: data/raw
      hash: md5
      md5: 611da58595aa63f9b8ada10bbcf0e83e.dir
      size: 104592920
      nfiles: 42
    - path: data/raw_manifest.csv
      hash: md5
      md5: 6dea63394b8ae49828dfa34845b635d3
      size: 7410
    - path: pipelines/ingest_flow.py
      hash: md5
      md5: 0dadbaed6a852767860c836da8d53b3c
      size: 17717
    - path: pipelines/ingest_manifest_flow.py
      hash: md5
      md5: c5dc0711ee71e5ceaca0c0a7ec2c5efa
      size: 5268
    outs:
    - path: artifacts/dvc_pipeline/manifest_ingestion_summary.json
      hash: md5
      md5: aa275538609fae7be80c54f14f7ae838
      size: 43833
    - path: artifacts/dvc_pipeline/manifest_runs
      hash: md5
      md5: d47f0065d050b1dcb7982a723457dc22.dir
      size: 282014
      nfiles: 26
    - path: artifacts/dvc_pipeline/runs_registry.parquet
      hash: md5
      md5: aa97283c527fec60895918a76503404d
      size: 9170
  preprocess:
    cmd: python -m pipelines.ingest_flow --input 
      "data/raw/tolouene/tolouene_aug_2024.dat" --config configs/default.yaml 
      --max-frames 200 --registry-path 
      artifacts/dvc_pipeline/runs_registry.parquet --events-path 
      artifacts/dvc_pipeline/events_detected_dat.parquet --features-path 
      artifacts/dvc_pipeline/features_event_table_dat.parquet --standardized-dir
      artifacts/dvc_pipeline/standardized --quality-audit-path 
      artifacts/dvc_pipeline/run_quality_audit.parquet
    deps:
    - path: artifacts/dvc_pipeline/manifest_ingestion_summary.json
      hash: md5
      md5: aa275538609fae7be80c54f14f7ae838
      size: 43833
    - path: configs/default.yaml
      hash: md5
      md5: f2f7384ab80840a72d4758f50c092d45
      size: 517
    - path: data/raw/tolouene/tolouene_aug_2024.dat
      hash: md5
      md5: 63d13c174761bf9915ee14cca22c5dfc
      size: 100139591
    - path: pipelines/ingest_flow.py
      hash: md5
      md5: 0dadbaed6a852767860c836da8d53b3c
      size: 17717
    outs:
    - path: artifacts/dvc_pipeline/events_detected_dat.parquet
      hash: md5
      md5: 98840ddc0d95d865caf4a79be5eaf46f
      size: 8945
    - path: artifacts/dvc_pipeline/features_event_table_dat.parquet
      hash: md5
      md5: 2fcb92d6917036dfe264dbd36ecaf8e3
      size: 12802
    - path: artifacts/dvc_pipeline/run_quality_audit.parquet
      hash: md5
      md5: a7709d8a87395cecb40d0d686fad0743
      size: 13462
    - path: artifacts/dvc_pipeline/standardized
      hash: md5
      md5: a93cd3eacdab11eff58254b94a74d7a8.dir
      size: 238988
      nfiles: 5
  train:
    cmd: python -m pipelines.train_flow --features 
      artifacts/dvc_pipeline/features_event_table_dat.parquet --model-family 
      classical_ml --target auc --metrics-out 
      artifacts/dvc_pipeline/training_metrics.json --model-out 
      artifacts/dvc_pipeline/baseline_model.pkl --comparison-out 
      artifacts/dvc_pipeline/model_comparison.json --feature-importance-out 
      artifacts/dvc_pipeline/feature_importance.parquet --test-errors-out 
      artifacts/dvc_pipeline/test_prediction_errors.parquet 
      --confusion-matrix-out artifacts/dvc_pipeline/confusion_matrix.json
    deps:
    - path: artifacts/dvc_pipeline/features_event_table_dat.parquet
      hash: md5
      md5: 2fcb92d6917036dfe264dbd36ecaf8e3
      size: 12802
    - path: pipelines/train_flow.py
      hash: md5
      md5: 3296854aa2e3224ade58f7befc9c17a5
      size: 33833
    - path: src/observed/models/train.py
      hash: md5
      md5: 5ddfd36cd906bf8f8eb3e2e09c1e5d79
      size: 6936
    outs:
    - path: artifacts/dvc_pipeline/baseline_model.pkl
      hash: md5
      md5: ab836ffef7b996b66a63d48ccdbfdcf3
      size: 38216
    - path: artifacts/dvc_pipeline/feature_importance.parquet
      hash: md5
      md5: 305fc7978fe2717024e8fe53f4c57cdb
      size: 1872
    - path: artifacts/dvc_pipeline/model_comparison.json
      hash: md5
      md5: db0bb25b191ed8ed4feb7470ce301dc8
      size: 548
    - path: artifacts/dvc_pipeline/test_prediction_errors.parquet
      hash: md5
      md5: 4c0e85e4f688bf9236aa229c5733d5db
      size: 5300
    - path: artifacts/dvc_pipeline/training_metrics.json
      hash: md5
      md5: 2f19a948970379437800f16f24e4e7fd
      size: 570
